
Microsoft Visual Studio Solution File, Format Version 12.00
# Visual Studio 15
VisualStudioVersion = 15.0.27130.2024
MinimumVisualStudioVersion = 10.0.40219.1
Project("{9A19103F-16F7-4668-BE54-9A1E7A4F7556}") = "IntroMvc", "IntroMvc\IntroMvc.csproj", "{09D91785-8C82-4872-B8A4-8FAC48B0E520}"
EndProject
Project("{9A19103F-16F7-4668-BE54-9A1E7A4F7556}") = "Panda", "Panda\Panda.csproj", "{F9BE8148-A849-41B0-9380-274155E3939F}"
EndProject
Project("{FAE04EC0-301F-11D3-BF4B-00C04F79EFBC}") = "demo", "demo\demo.csproj", "{31D20633-F530-4526-AB98-AAE4BAF92399}"
EndProject
Global
	GlobalSection(SolutionConfigurationPlatforms) = preSolution
		Debug|Any CPU = Debug|Any CPU
		Release|Any CPU = Release|Any CPU
	EndGlobalSection
	GlobalSection(ProjectConfigurationPlatforms) = postSolution
		{09D91785-8C82-4872-B8A4-8FAC48B0E520}.Debug|Any CPU.ActiveCfg = Debug|Any CPU
		{09D91785-8C82-4872-B8A4-8FAC48B0E520}.Debug|Any CPU.Build.0 = Debug|Any CPU
		{09D91785-8C82-4872-B8A4-8FAC48B0E520}.Release|Any CPU.ActiveCfg = Release|Any CPU
		{09D91785-8C82-4872-B8A4-8FAC48B0E520}.Release|Any CPU.Build.0 = Release|Any CPU
		{F9BE8148-A849-41B0-9380-274155E3939F}.Debug|Any CPU.ActiveCfg = Debug|Any CPU
		{F9BE8148-A849-41B0-9380-274155E3939F}.Debug|Any CPU.Build.0 = Debug|Any CPU
		{F9BE8148-A849-41B0-9380-274155E3939F}.Release|Any CPU.ActiveCfg = Release|Any CPU
		{F9BE8148-A849-41B0-9380-274155E3939F}.Release|Any CPU.Build.0 = Release|Any CPU
		{31D20633-F530-4526-AB98-AAE4BAF92399}.Debug|Any CPU.ActiveCfg = Debug|Any CPU
		{31D20633-F530-4526-AB98-AAE4BAF92399}.Debug|Any CPU.Build.0 = Debug|Any CPU
		{31D20633-F530-4526-AB98-AAE4BAF92399}.Release|Any CPU.ActiveCfg = Release|Any CPU
		{31D20633-F530-4526-AB98-AAE4BAF92399}.Release|Any CPU.Build.0 = Release|Any CPU
	EndGlobalSection
	GlobalSection(SolutionProperties) = preSolution
		HideSolutionNode = FALSE
	EndGlobalSection
	GlobalSection(ExtensibilityGlobals) = postSolution
		SolutionGuid = {AE7F50AE-E4CC-4797-8472-D5C4FFF7306D}
	EndGlobalSection
EndGlobal
